
Microsoft Visual Studio Solution File, Format Version 12.00
# Visual Studio Version 16
VisualStudioVersion = 16.0.29806.167
MinimumVisualStudioVersion = 10.0.40219.1
Project("{FAE04EC0-301F-11D3-BF4B-00C04F79EFBC}") = "OOP_2", "OOP_2\OOP_2.csproj", "{908042E2-3762-4AD6-BF61-896CAAB11D90}"
EndProject
Global
	GlobalSection(SolutionConfigurationPlatforms) = preSolution
		Debug|Any CPU = Debug|Any CPU
		Release|Any CPU = Release|Any CPU
	EndGlobalSection
	GlobalSection(ProjectConfigurationPlatforms) = postSolution
		{908042E2-3762-4AD6-BF61-896CAAB11D90}.Debug|Any CPU.ActiveCfg = Debug|Any CPU
		{908042E2-3762-4AD6-BF61-896CAAB11D90}.Debug|Any CPU.Build.0 = Debug|Any CPU
		{908042E2-3762-4AD6-BF61-896CAAB11D90}.Release|Any CPU.ActiveCfg = Release|Any CPU
		{908042E2-3762-4AD6-BF61-896CAAB11D90}.Release|Any CPU.Build.0 = Release|Any CPU
	EndGlobalSection
	GlobalSection(SolutionProperties) = preSolution
		HideSolutionNode = FALSE
	EndGlobalSection
	GlobalSection(ExtensibilityGlobals) = postSolution
		SolutionGuid = {3928DB48-785E-4721-8759-31A315FC01EA}
	EndGlobalSection
EndGlobal
